// !$*UTF8*$!
{
	archiveVersion = 1;
	classes = {
	};
	objectVersion = 50;
	objects = {

/* Begin PBXBuildFile section */
		21F4C6E32501752B00A92375 /* AppDelegate.swift in Sources */ = {isa = PBXBuildFile; fileRef = 21F4C6E22501752B00A92375 /* AppDelegate.swift */; };
		21F4C6E52501752B00A92375 /* SceneDelegate.swift in Sources */ = {isa = PBXBuildFile; fileRef = 21F4C6E42501752B00A92375 /* SceneDelegate.swift */; };
		21F4C6E72501752B00A92375 /* ViewController.swift in Sources */ = {isa = PBXBuildFile; fileRef = 21F4C6E62501752B00A92375 /* ViewController.swift */; };
		21F4C6EA2501752B00A92375 /* Main.storyboard in Resources */ = {isa = PBXBuildFile; fileRef = 21F4C6E82501752B00A92375 /* Main.storyboard */; };
		21F4C6EC2501753000A92375 /* Assets.xcassets in Resources */ = {isa = PBXBuildFile; fileRef = 21F4C6EB2501753000A92375 /* Assets.xcassets */; };
		21F4C6EF2501753000A92375 /* LaunchScreen.storyboard in Resources */ = {isa = PBXBuildFile; fileRef = 21F4C6ED2501753000A92375 /* LaunchScreen.storyboard */; };
		21F4C6FA2501753000A92375 /* FlixsterTests.swift in Sources */ = {isa = PBXBuildFile; fileRef = 21F4C6F92501753000A92375 /* FlixsterTests.swift */; };
		21F4C7052501753000A92375 /* FlixsterUITests.swift in Sources */ = {isa = PBXBuildFile; fileRef = 21F4C7042501753000A92375 /* FlixsterUITests.swift */; };
/* End PBXBuildFile section */

/* Begin PBXContainerItemProxy section */
		21F4C6F62501753000A92375 /* PBXContainerItemProxy */ = {
			isa = PBXContainerItemProxy;
			containerPortal = 21F4C6D72501752B00A92375 /* Project object */;
			proxyType = 1;
			remoteGlobalIDString = 21F4C6DE2501752B00A92375;
			remoteInfo = Flixster;
		};
		21F4C7012501753000A92375 /* PBXContainerItemProxy */ = {
			isa = PBXContainerItemProxy;
			containerPortal = 21F4C6D72501752B00A92375 /* Project object */;
			proxyType = 1;
			remoteGlobalIDString = 21F4C6DE2501752B00A92375;
			remoteInfo = Flixster;
		};
/* End PBXContainerItemProxy section */

/* Begin PBXFileReference section */
		21F4C6DF2501752B00A92375 /* Flixster.app */ = {isa = PBXFileReference; explicitFileType = wrapper.application; includeInIndex = 0; path = Flixster.app; sourceTree = BUILT_PRODUCTS_DIR; };
		21F4C6E22501752B00A92375 /* AppDelegate.swift */ = {isa = PBXFileReference; lastKnownFileType = sourcecode.swift; path = AppDelegate.swift; sourceTree = "<group>"; };
		21F4C6E42501752B00A92375 /* SceneDelegate.swift */ = {isa = PBXFileReference; lastKnownFileType = sourcecode.swift; path = SceneDelegate.swift; sourceTree = "<group>"; };
		21F4C6E62501752B00A92375 /* ViewController.swift */ = {isa = PBXFileReference; lastKnownFileType = sourcecode.swift; path = ViewController.swift; sourceTree = "<group>"; };
		21F4C6E92501752B00A92375 /* Base */ = {isa = PBXFileReference; lastKnownFileType = file.storyboard; name = Base; path = Base.lproj/Main.storyboard; sourceTree = "<group>"; };
		21F4C6EB2501753000A92375 /* Assets.xcassets */ = {isa = PBXFileReference; lastKnownFileType = folder.assetcatalog; path = Assets.xcassets; sourceTree = "<group>"; };
		21F4C6EE2501753000A92375 /* Base */ = {isa = PBXFileReference; lastKnownFileType = file.storyboard; name = Base; path = Base.lproj/LaunchScreen.storyboard; sourceTree = "<group>"; };
		21F4C6F02501753000A92375 /* Info.plist */ = {isa = PBXFileReference; lastKnownFileType = text.plist.xml; path = Info.plist; sourceTree = "<group>"; };
		21F4C6F52501753000A92375 /* FlixsterTests.xctest */ = {isa = PBXFileReference; explicitFileType = wrapper.cfbundle; includeInIndex = 0; path = FlixsterTests.xctest; sourceTree = BUILT_PRODUCTS_DIR; };
		21F4C6F92501753000A92375 /* FlixsterTests.swift */ = {isa = PBXFileReference; lastKnownFileType = sourcecode.swift; path = FlixsterTests.swift; sourceTree = "<group>"; };
		21F4C6FB2501753000A92375 /* Info.plist */ = {isa = PBXFileReference; lastKnownFileType = text.plist.xml; path = Info.plist; sourceTree = "<group>"; };
		21F4C7002501753000A92375 /* FlixsterUITests.xctest */ = {isa = PBXFileReference; explicitFileType = wrapper.cfbundle; includeInIndex = 0; path = FlixsterUITests.xctest; sourceTree = BUILT_PRODUCTS_DIR; };
		21F4C7042501753000A92375 /* FlixsterUITests.swift */ = {isa = PBXFileReference; lastKnownFileType = sourcecode.swift; path = FlixsterUITests.swift; sourceTree = "<group>"; };
		21F4C7062501753000A92375 /* Info.plist */ = {isa = PBXFileReference; lastKnownFileType = text.plist.xml; path = Info.plist; sourceTree = "<group>"; };
/* End PBXFileReference section */

/* Begin PBXFrameworksBuildPhase section */
		21F4C6DC2501752B00A92375 /* Frameworks */ = {
			isa = PBXFrameworksBuildPhase;
			buildActionMask = 2147483647;
			files = (
			);
			runOnlyForDeploymentPostprocessing = 0;
		};
		21F4C6F22501753000A92375 /* Frameworks */ = {
			isa = PBXFrameworksBuildPhase;
			buildActionMask = 2147483647;
			files = (
			);
			runOnlyForDeploymentPostprocessing = 0;
		};
		21F4C6FD2501753000A92375 /* Frameworks */ = {
			isa = PBXFrameworksBuildPhase;
			buildActionMask = 2147483647;
			files = (
			);
			runOnlyForDeploymentPostprocessing = 0;
		};
/* End PBXFrameworksBuildPhase section */

/* Begin PBXGroup section */
		21F4C6D62501752B00A92375 = {
			isa = PBXGroup;
			children = (
				21F4C6E12501752B00A92375 /* Flixster */,
				21F4C6F82501753000A92375 /* FlixsterTests */,
				21F4C7032501753000A92375 /* FlixsterUITests */,
				21F4C6E02501752B00A92375 /* Products */,
			);
			sourceTree = "<group>";
		};
		21F4C6E02501752B00A92375 /* Products */ = {
			isa = PBXGroup;
			children = (
				21F4C6DF2501752B00A92375 /* Flixster.app */,
				21F4C6F52501753000A92375 /* FlixsterTests.xctest */,
				21F4C7002501753000A92375 /* FlixsterUITests.xctest */,
			);
			name = Products;
			sourceTree = "<group>";
		};
		21F4C6E12501752B00A92375 /* Flixster */ = {
			isa = PBXGroup;
			children = (
				21F4C6E22501752B00A92375 /* AppDelegate.swift */,
				21F4C6E42501752B00A92375 /* SceneDelegate.swift */,
				21F4C6E62501752B00A92375 /* ViewController.swift */,
				21F4C6E82501752B00A92375 /* Main.storyboard */,
				21F4C6EB2501753000A92375 /* Assets.xcassets */,
				21F4C6ED2501753000A92375 /* LaunchScreen.storyboard */,
				21F4C6F02501753000A92375 /* Info.plist */,
			);
			path = Flixster;
			sourceTree = "<group>";
		};
		21F4C6F82501753000A92375 /* FlixsterTests */ = {
			isa = PBXGroup;
			children = (
				21F4C6F92501753000A92375 /* FlixsterTests.swift */,
				21F4C6FB2501753000A92375 /* Info.plist */,
			);
			path = FlixsterTests;
			sourceTree = "<group>";
		};
		21F4C7032501753000A92375 /* FlixsterUITests */ = {
			isa = PBXGroup;
			children = (
				21F4C7042501753000A92375 /* FlixsterUITests.swift */,
				21F4C7062501753000A92375 /* Info.plist */,
			);
			path = FlixsterUITests;
			sourceTree = "<group>";
		};
/* End PBXGroup section */

/* Begin PBXNativeTarget section */
		21F4C6DE2501752B00A92375 /* Flixster */ = {
			isa = PBXNativeTarget;
			buildConfigurationList = 21F4C7092501753000A92375 /* Build configuration list for PBXNativeTarget "Flixster" */;
			buildPhases = (
				21F4C6DB2501752B00A92375 /* Sources */,
				21F4C6DC2501752B00A92375 /* Frameworks */,
				21F4C6DD2501752B00A92375 /* Resources */,
			);
			buildRules = (
			);
			dependencies = (
			);
			name = Flixster;
			productName = Flixster;
			productReference = 21F4C6DF2501752B00A92375 /* Flixster.app */;
			productType = "com.apple.product-type.application";
		};
		21F4C6F42501753000A92375 /* FlixsterTests */ = {
			isa = PBXNativeTarget;
			buildConfigurationList = 21F4C70C2501753000A92375 /* Build configuration list for PBXNativeTarget "FlixsterTests" */;
			buildPhases = (
				21F4C6F12501753000A92375 /* Sources */,
				21F4C6F22501753000A92375 /* Frameworks */,
				21F4C6F32501753000A92375 /* Resources */,
			);
			buildRules = (
			);
			dependencies = (
				21F4C6F72501753000A92375 /* PBXTargetDependency */,
			);
			name = FlixsterTests;
			productName = FlixsterTests;
			productReference = 21F4C6F52501753000A92375 /* FlixsterTests.xctest */;
			productType = "com.apple.product-type.bundle.unit-test";
		};
		21F4C6FF2501753000A92375 /* FlixsterUITests */ = {
			isa = PBXNativeTarget;
			buildConfigurationList = 21F4C70F2501753000A92375 /* Build configuration list for PBXNativeTarget "FlixsterUITests" */;
			buildPhases = (
				21F4C6FC2501753000A92375 /* Sources */,
				21F4C6FD2501753000A92375 /* Frameworks */,
				21F4C6FE2501753000A92375 /* Resources */,
			);
			buildRules = (
			);
			dependencies = (
				21F4C7022501753000A92375 /* PBXTargetDependency */,
			);
			name = FlixsterUITests;
			productName = FlixsterUITests;
			productReference = 21F4C7002501753000A92375 /* FlixsterUITests.xctest */;
			productType = "com.apple.product-type.bundle.ui-testing";
		};
/* End PBXNativeTarget section */

/* Begin PBXProject section */
		21F4C6D72501752B00A92375 /* Project object */ = {
			isa = PBXProject;
			attributes = {
				LastSwiftUpdateCheck = 1160;
				LastUpgradeCheck = 1160;
				ORGANIZATIONNAME = "Phuc Tran";
				TargetAttributes = {
					21F4C6DE2501752B00A92375 = {
						CreatedOnToolsVersion = 11.6;
					};
					21F4C6F42501753000A92375 = {
						CreatedOnToolsVersion = 11.6;
						TestTargetID = 21F4C6DE2501752B00A92375;
					};
					21F4C6FF2501753000A92375 = {
						CreatedOnToolsVersion = 11.6;
						TestTargetID = 21F4C6DE2501752B00A92375;
					};
				};
			};
			buildConfigurationList = 21F4C6DA2501752B00A92375 /* Build configuration list for PBXProject "Flixster" */;
			compatibilityVersion = "Xcode 9.3";
			developmentRegion = en;
			hasScannedForEncodings = 0;
			knownRegions = (
				en,
				Base,
			);
			mainGroup = 21F4C6D62501752B00A92375;
			productRefGroup = 21F4C6E02501752B00A92375 /* Products */;
			projectDirPath = "";
			projectRoot = "";
			targets = (
				21F4C6DE2501752B00A92375 /* Flixster */,
				21F4C6F42501753000A92375 /* FlixsterTests */,
				21F4C6FF2501753000A92375 /* FlixsterUITests */,
			);
		};
/* End PBXProject section */

/* Begin PBXResourcesBuildPhase section */
		21F4C6DD2501752B00A92375 /* Resources */ = {
			isa = PBXResourcesBuildPhase;
			buildActionMask = 2147483647;
			files = (
				21F4C6EF2501753000A92375 /* LaunchScreen.storyboard in Resources */,
				21F4C6EC2501753000A92375 /* Assets.xcassets in Resources */,
				21F4C6EA2501752B00A92375 /* Main.storyboard in Resources */,
			);
			runOnlyForDeploymentPostprocessing = 0;
		};
		21F4C6F32501753000A92375 /* Resources */ = {
			isa = PBXResourcesBuildPhase;
			buildActionMask = 2147483647;
			files = (
			);
			runOnlyForDeploymentPostprocessing = 0;
		};
		21F4C6FE2501753000A92375 /* Resources */ = {
			isa = PBXResourcesBuildPhase;
			buildActionMask = 2147483647;
			files = (
			);
			runOnlyForDeploymentPostprocessing = 0;
		};
/* End PBXResourcesBuildPhase section */

/* Begin PBXSourcesBuildPhase section */
		21F4C6DB2501752B00A92375 /* Sources */ = {
			isa = PBXSourcesBuildPhase;
			buildActionMask = 2147483647;
			files = (
				21F4C6E72501752B00A92375 /* ViewController.swift in Sources */,
				21F4C6E32501752B00A92375 /* AppDelegate.swift in Sources */,
				21F4C6E52501752B00A92375 /* SceneDelegate.swift in Sources */,
			);
			runOnlyForDeploymentPostprocessing = 0;
		};
		21F4C6F12501753000A92375 /* Sources */ = {
			isa = PBXSourcesBuildPhase;
			buildActionMask = 2147483647;
			files = (
				21F4C6FA2501753000A92375 /* FlixsterTests.swift in Sources */,
			);
			runOnlyForDeploymentPostprocessing = 0;
		};
		21F4C6FC2501753000A92375 /* Sources */ = {
			isa = PBXSourcesBuildPhase;
			buildActionMask = 2147483647;
			files = (
				21F4C7052501753000A92375 /* FlixsterUITests.swift in Sources */,
			);
			runOnlyForDeploymentPostprocessing = 0;
		};
/* End PBXSourcesBuildPhase section */

/* Begin PBXTargetDependency section */
		21F4C6F72501753000A92375 /* PBXTargetDependency */ = {
			isa = PBXTargetDependency;
			target = 21F4C6DE2501752B00A92375 /* Flixster */;
			targetProxy = 21F4C6F62501753000A92375 /* PBXContainerItemProxy */;
		};
		21F4C7022501753000A92375 /* PBXTargetDependency */ = {
			isa = PBXTargetDependency;
			target = 21F4C6DE2501752B00A92375 /* Flixster */;
			targetProxy = 21F4C7012501753000A92375 /* PBXContainerItemProxy */;
		};
/* End PBXTargetDependency section */

/* Begin PBXVariantGroup section */
		21F4C6E82501752B00A92375 /* Main.storyboard */ = {
			isa = PBXVariantGroup;
			children = (
				21F4C6E92501752B00A92375 /* Base */,
			);
			name = Main.storyboard;
			sourceTree = "<group>";
		};
		21F4C6ED2501753000A92375 /* LaunchScreen.storyboard */ = {
			isa = PBXVariantGroup;
			children = (
				21F4C6EE2501753000A92375 /* Base */,
			);
			name = LaunchScreen.storyboard;
			sourceTree = "<group>";
		};
/* End PBXVariantGroup section */

/* Begin XCBuildConfiguration section */
		21F4C7072501753000A92375 /* Debug */ = {
			isa = XCBuildConfiguration;
			buildSettings = {
				ALWAYS_SEARCH_USER_PATHS = NO;
				CLANG_ANALYZER_NONNULL = YES;
				CLANG_ANALYZER_NUMBER_OBJECT_CONVERSION = YES_AGGRESSIVE;
				CLANG_CXX_LANGUAGE_STANDARD = "gnu++14";
				CLANG_CXX_LIBRARY = "libc++";
				CLANG_ENABLE_MODULES = YES;
				CLANG_ENABLE_OBJC_ARC = YES;
				CLANG_ENABLE_OBJC_WEAK = YES;
				CLANG_WARN_BLOCK_CAPTURE_AUTORELEASING = YES;
				CLANG_WARN_BOOL_CONVERSION = YES;
				CLANG_WARN_COMMA = YES;
				CLANG_WARN_CONSTANT_CONVERSION = YES;
				CLANG_WARN_DEPRECATED_OBJC_IMPLEMENTATIONS = YES;
				CLANG_WARN_DIRECT_OBJC_ISA_USAGE = YES_ERROR;
				CLANG_WARN_DOCUMENTATION_COMMENTS = YES;
				CLANG_WARN_EMPTY_BODY = YES;
				CLANG_WARN_ENUM_CONVERSION = YES;
				CLANG_WARN_INFINITE_RECURSION = YES;
				CLANG_WARN_INT_CONVERSION = YES;
				CLANG_WARN_NON_LITERAL_NULL_CONVERSION = YES;
				CLANG_WARN_OBJC_IMPLICIT_RETAIN_SELF = YES;
				CLANG_WARN_OBJC_LITERAL_CONVERSION = YES;
				CLANG_WARN_OBJC_ROOT_CLASS = YES_ERROR;
				CLANG_WARN_RANGE_LOOP_ANALYSIS = YES;
				CLANG_WARN_STRICT_PROTOTYPES = YES;
				CLANG_WARN_SUSPICIOUS_MOVE = YES;
				CLANG_WARN_UNGUARDED_AVAILABILITY = YES_AGGRESSIVE;
				CLANG_WARN_UNREACHABLE_CODE = YES;
				CLANG_WARN__DUPLICATE_METHOD_MATCH = YES;
				COPY_PHASE_STRIP = NO;
				DEBUG_INFORMATION_FORMAT = dwarf;
				ENABLE_STRICT_OBJC_MSGSEND = YES;
				ENABLE_TESTABILITY = YES;
				GCC_C_LANGUAGE_STANDARD = gnu11;
				GCC_DYNAMIC_NO_PIC = NO;
				GCC_NO_COMMON_BLOCKS = YES;
				GCC_OPTIMIZATION_LEVEL = 0;
				GCC_PREPROCESSOR_DEFINITIONS = (
					"DEBUG=1",
					"$(inherited)",
				);
				GCC_WARN_64_TO_32_BIT_CONVERSION = YES;
				GCC_WARN_ABOUT_RETURN_TYPE = YES_ERROR;
				GCC_WARN_UNDECLARED_SELECTOR = YES;
				GCC_WARN_UNINITIALIZED_AUTOS = YES_AGGRESSIVE;
				GCC_WARN_UNUSED_FUNCTION = YES;
				GCC_WARN_UNUSED_VARIABLE = YES;
				IPHONEOS_DEPLOYMENT_TARGET = 13.6;
				MTL_ENABLE_DEBUG_INFO = INCLUDE_SOURCE;
				MTL_FAST_MATH = YES;
				ONLY_ACTIVE_ARCH = YES;
				SDKROOT = iphoneos;
				SWIFT_ACTIVE_COMPILATION_CONDITIONS = DEBUG;
				SWIFT_OPTIMIZATION_LEVEL = "-Onone";
			};
			name = Debug;
		};
		21F4C7082501753000A92375 /* Release */ = {
			isa = XCBuildConfiguration;
			buildSettings = {
				ALWAYS_SEARCH_USER_PATHS = NO;
				CLANG_ANALYZER_NONNULL = YES;
				CLANG_ANALYZER_NUMBER_OBJECT_CONVERSION = YES_AGGRESSIVE;
				CLANG_CXX_LANGUAGE_STANDARD = "gnu++14";
				CLANG_CXX_LIBRARY = "libc++";
				CLANG_ENABLE_MODULES = YES;
				CLANG_ENABLE_OBJC_ARC = YES;
				CLANG_ENABLE_OBJC_WEAK = YES;
				CLANG_WARN_BLOCK_CAPTURE_AUTORELEASING = YES;
				CLANG_WARN_BOOL_CONVERSION = YES;
				CLANG_WARN_COMMA = YES;
				CLANG_WARN_CONSTANT_CONVERSION = YES;
				CLANG_WARN_DEPRECATED_OBJC_IMPLEMENTATIONS = YES;
				CLANG_WARN_DIRECT_OBJC_ISA_USAGE = YES_ERROR;
				CLANG_WARN_DOCUMENTATION_COMMENTS = YES;
				CLANG_WARN_EMPTY_BODY = YES;
				CLANG_WARN_ENUM_CONVERSION = YES;
				CLANG_WARN_INFINITE_RECURSION = YES;
				CLANG_WARN_INT_CONVERSION = YES;
				CLANG_WARN_NON_LITERAL_NULL_CONVERSION = YES;
				CLANG_WARN_OBJC_IMPLICIT_RETAIN_SELF = YES;
				CLANG_WARN_OBJC_LITERAL_CONVERSION = YES;
				CLANG_WARN_OBJC_ROOT_CLASS = YES_ERROR;
				CLANG_WARN_RANGE_LOOP_ANALYSIS = YES;
				CLANG_WARN_STRICT_PROTOTYPES = YES;
				CLANG_WARN_SUSPICIOUS_MOVE = YES;
				CLANG_WARN_UNGUARDED_AVAILABILITY = YES_AGGRESSIVE;
				CLANG_WARN_UNREACHABLE_CODE = YES;
				CLANG_WARN__DUPLICATE_METHOD_MATCH = YES;
				COPY_PHASE_STRIP = NO;
				DEBUG_INFORMATION_FORMAT = "dwarf-with-dsym";
				ENABLE_NS_ASSERTIONS = NO;
				ENABLE_STRICT_OBJC_MSGSEND = YES;
				GCC_C_LANGUAGE_STANDARD = gnu11;
				GCC_NO_COMMON_BLOCKS = YES;
				GCC_WARN_64_TO_32_BIT_CONVERSION = YES;
				GCC_WARN_ABOUT_RETURN_TYPE = YES_ERROR;
				GCC_WARN_UNDECLARED_SELECTOR = YES;
				GCC_WARN_UNINITIALIZED_AUTOS = YES_AGGRESSIVE;
				GCC_WARN_UNUSED_FUNCTION = YES;
				GCC_WARN_UNUSED_VARIABLE = YES;
				IPHONEOS_DEPLOYMENT_TARGET = 13.6;
				MTL_ENABLE_DEBUG_INFO = NO;
				MTL_FAST_MATH = YES;
				SDKROOT = iphoneos;
				SWIFT_COMPILATION_MODE = wholemodule;
				SWIFT_OPTIMIZATION_LEVEL = "-O";
				VALIDATE_PRODUCT = YES;
			};
			name = Release;
		};
		21F4C70A2501753000A92375 /* Debug */ = {
			isa = XCBuildConfiguration;
			buildSettings = {
				ASSETCATALOG_COMPILER_APPICON_NAME = AppIcon;
				CODE_SIGN_STYLE = Automatic;
				INFOPLIST_FILE = Flixster/Info.plist;
				LD_RUNPATH_SEARCH_PATHS = (
					"$(inherited)",
					"@executable_path/Frameworks",
				);
				PRODUCT_BUNDLE_IDENTIFIER = "Phuc-Tran.Flixster";
				PRODUCT_NAME = "$(TARGET_NAME)";
				SWIFT_VERSION = 5.0;
				TARGETED_DEVICE_FAMILY = "1,2";
			};
			name = Debug;
		};
		21F4C70B2501753000A92375 /* Release */ = {
			isa = XCBuildConfiguration;
			buildSettings = {
				ASSETCATALOG_COMPILER_APPICON_NAME = AppIcon;
				CODE_SIGN_STYLE = Automatic;
				INFOPLIST_FILE = Flixster/Info.plist;
				LD_RUNPATH_SEARCH_PATHS = (
					"$(inherited)",
					"@executable_path/Frameworks",
				);
				PRODUCT_BUNDLE_IDENTIFIER = "Phuc-Tran.Flixster";
				PRODUCT_NAME = "$(TARGET_NAME)";
				SWIFT_VERSION = 5.0;
				TARGETED_DEVICE_FAMILY = "1,2";
			};
			name = Release;
		};
		21F4C70D2501753000A92375 /* Debug */ = {
			isa = XCBuildConfiguration;
			buildSettings = {
				ALWAYS_EMBED_SWIFT_STANDARD_LIBRARIES = YES;
				BUNDLE_LOADER = "$(TEST_HOST)";
				CODE_SIGN_STYLE = Automatic;
				INFOPLIST_FILE = FlixsterTests/Info.plist;
				IPHONEOS_DEPLOYMENT_TARGET = 13.6;
				LD_RUNPATH_SEARCH_PATHS = (
					"$(inherited)",
					"@executable_path/Frameworks",
					"@loader_path/Frameworks",
				);
				PRODUCT_BUNDLE_IDENTIFIER = "Phuc-Tran.FlixsterTests";
				PRODUCT_NAME = "$(TARGET_NAME)";
				SWIFT_VERSION = 5.0;
				TARGETED_DEVICE_FAMILY = "1,2";
				TEST_HOST = "$(BUILT_PRODUCTS_DIR)/Flixster.app/Flixster";
			};
			name = Debug;
		};
		21F4C70E2501753000A92375 /* Release */ = {
			isa = XCBuildConfiguration;
			buildSettings = {
				ALWAYS_EMBED_SWIFT_STANDARD_LIBRARIES = YES;
				BUNDLE_LOADER = "$(TEST_HOST)";
				CODE_SIGN_STYLE = Automatic;
				INFOPLIST_FILE = FlixsterTests/Info.plist;
				IPHONEOS_DEPLOYMENT_TARGET = 13.6;
				LD_RUNPATH_SEARCH_PATHS = (
					"$(inherited)",
					"@executable_path/Frameworks",
					"@loader_path/Frameworks",
				);
				PRODUCT_BUNDLE_IDENTIFIER = "Phuc-Tran.FlixsterTests";
				PRODUCT_NAME = "$(TARGET_NAME)";
				SWIFT_VERSION = 5.0;
				TARGETED_DEVICE_FAMILY = "1,2";
				TEST_HOST = "$(BUILT_PRODUCTS_DIR)/Flixster.app/Flixster";
			};
			name = Release;
		};
		21F4C7102501753000A92375 /* Debug */ = {
			isa = XCBuildConfiguration;
			buildSettings = {
				ALWAYS_EMBED_SWIFT_STANDARD_LIBRARIES = YES;
				CODE_SIGN_STYLE = Automatic;
				INFOPLIST_FILE = FlixsterUITests/Info.plist;
				LD_RUNPATH_SEARCH_PATHS = (
					"$(inherited)",
					"@executable_path/Frameworks",
					"@loader_path/Frameworks",
				);
				PRODUCT_BUNDLE_IDENTIFIER = "Phuc-Tran.FlixsterUITests";
				PRODUCT_NAME = "$(TARGET_NAME)";
				SWIFT_VERSION = 5.0;
				TARGETED_DEVICE_FAMILY = "1,2";
				TEST_TARGET_NAME = Flixster;
			};
			name = Debug;
		};
		21F4C7112501753000A92375 /* Release */ = {
			isa = XCBuildConfiguration;
			buildSettings = {
				ALWAYS_EMBED_SWIFT_STANDARD_LIBRARIES = YES;
				CODE_SIGN_STYLE = Automatic;
				INFOPLIST_FILE = FlixsterUITests/Info.plist;
				LD_RUNPATH_SEARCH_PATHS = (
					"$(inherited)",
					"@executable_path/Frameworks",
					"@loader_path/Frameworks",
				);
				PRODUCT_BUNDLE_IDENTIFIER = "Phuc-Tran.FlixsterUITests";
				PRODUCT_NAME = "$(TARGET_NAME)";
				SWIFT_VERSION = 5.0;
				TARGETED_DEVICE_FAMILY = "1,2";
				TEST_TARGET_NAME = Flixster;
			};
			name = Release;
		};
/* End XCBuildConfiguration section */

/* Begin XCConfigurationList section */
		21F4C6DA2501752B00A92375 /* Build configuration list for PBXProject "Flixster" */ = {
			isa = XCConfigurationList;
			buildConfigurations = (
				21F4C7072501753000A92375 /* Debug */,
				21F4C7082501753000A92375 /* Release */,
			);
			defaultConfigurationIsVisible = 0;
			defaultConfigurationName = Release;
		};
		21F4C7092501753000A92375 /* Build configuration list for PBXNativeTarget "Flixster" */ = {
			isa = XCConfigurationList;
			buildConfigurations = (
				21F4C70A2501753000A92375 /* Debug */,
				21F4C70B2501753000A92375 /* Release */,
			);
			defaultConfigurationIsVisible = 0;
			defaultConfigurationName = Release;
		};
		21F4C70C2501753000A92375 /* Build configuration list for PBXNativeTarget "FlixsterTests" */ = {
			isa = XCConfigurationList;
			buildConfigurations = (
				21F4C70D2501753000A92375 /* Debug */,
				21F4C70E2501753000A92375 /* Release */,
			);
			defaultConfigurationIsVisible = 0;
			defaultConfigurationName = Release;
		};
		21F4C70F2501753000A92375 /* Build configuration list for PBXNativeTarget "FlixsterUITests" */ = {
			isa = XCConfigurationList;
			buildConfigurations = (
				21F4C7102501753000A92375 /* Debug */,
				21F4C7112501753000A92375 /* Release */,
			);
			defaultConfigurationIsVisible = 0;
			defaultConfigurationName = Release;
		};
/* End XCConfigurationList section */
	};
	rootObject = 21F4C6D72501752B00A92375 /* Project object */;
}
